
Microsoft Visual Studio Solution File, Format Version 12.00
# Visual Studio Version 16
VisualStudioVersion = 16.0.33927.289
MinimumVisualStudioVersion = 10.0.40219.1
Project("{8BC9CEB8-8B4A-11D0-8D11-00A0C91BC942}") = "atic-sspiem", "atic-sspiem.vcxproj", "{79079D4A-B089-48F9-ADF5-DD8C03AEB613}"
EndProject
Global
	GlobalSection(SolutionConfigurationPlatforms) = preSolution
		Debug|ARM64 = Debug|ARM64
		Release|ARM64 = Release|ARM64
	EndGlobalSection
	GlobalSection(ProjectConfigurationPlatforms) = postSolution
		{79079D4A-B089-48F9-ADF5-DD8C03AEB613}.Debug|ARM64.ActiveCfg = Debug|ARM64
		{79079D4A-B089-48F9-ADF5-DD8C03AEB613}.Debug|ARM64.Build.0 = Debug|ARM64
		{79079D4A-B089-48F9-ADF5-DD8C03AEB613}.Debug|ARM64.Deploy.0 = Debug|ARM64
		{79079D4A-B089-48F9-ADF5-DD8C03AEB613}.Release|ARM64.ActiveCfg = Release|ARM64
		{79079D4A-B089-48F9-ADF5-DD8C03AEB613}.Release|ARM64.Build.0 = Release|ARM64
		{79079D4A-B089-48F9-ADF5-DD8C03AEB613}.Release|ARM64.Deploy.0 = Release|ARM64
	EndGlobalSection
	GlobalSection(SolutionProperties) = preSolution
		HideSolutionNode = FALSE
	EndGlobalSection
	GlobalSection(ExtensibilityGlobals) = postSolution
		SolutionGuid = {1A23329B-CB50-4B51-9DE9-1EE063F6D15E}
	EndGlobalSection
EndGlobal
